
Microsoft Visual Studio Solution File, Format Version 12.00
# Visual Studio Version 17
VisualStudioVersion = 17.11.35312.102
MinimumVisualStudioVersion = 10.0.40219.1
Project("{FAE04EC0-301F-11D3-BF4B-00C04F79EFBC}") = "array", "array.csproj", "{29E07DD5-BB88-4273-BE5F-5D6AC927430B}"
EndProject
Global
	GlobalSection(SolutionConfigurationPlatforms) = preSolution
		Debug|Any CPU = Debug|Any CPU
		Release|Any CPU = Release|Any CPU
	EndGlobalSection
	GlobalSection(ProjectConfigurationPlatforms) = postSolution
		{29E07DD5-BB88-4273-BE5F-5D6AC927430B}.Debug|Any CPU.ActiveCfg = Debug|Any CPU
		{29E07DD5-BB88-4273-BE5F-5D6AC927430B}.Debug|Any CPU.Build.0 = Debug|Any CPU
		{29E07DD5-BB88-4273-BE5F-5D6AC927430B}.Release|Any CPU.ActiveCfg = Release|Any CPU
		{29E07DD5-BB88-4273-BE5F-5D6AC927430B}.Release|Any CPU.Build.0 = Release|Any CPU
	EndGlobalSection
	GlobalSection(SolutionProperties) = preSolution
		HideSolutionNode = FALSE
	EndGlobalSection
	GlobalSection(ExtensibilityGlobals) = postSolution
		SolutionGuid = {DA9C7E2C-32DF-4361-A2DC-FBC86A070400}
	EndGlobalSection
EndGlobal
