
Microsoft Visual Studio Solution File, Format Version 12.00
# Visual Studio Version 17
VisualStudioVersion = 17.11.35312.102
MinimumVisualStudioVersion = 10.0.40219.1
Project("{FAE04EC0-301F-11D3-BF4B-00C04F79EFBC}") = "Assignment-02", "Assignment-02.csproj", "{71752B2E-5DB2-4562-AE0A-7AF76EBF58B8}"
EndProject
Global
	GlobalSection(SolutionConfigurationPlatforms) = preSolution
		Debug|Any CPU = Debug|Any CPU
		Release|Any CPU = Release|Any CPU
	EndGlobalSection
	GlobalSection(ProjectConfigurationPlatforms) = postSolution
		{71752B2E-5DB2-4562-AE0A-7AF76EBF58B8}.Debug|Any CPU.ActiveCfg = Debug|Any CPU
		{71752B2E-5DB2-4562-AE0A-7AF76EBF58B8}.Debug|Any CPU.Build.0 = Debug|Any CPU
		{71752B2E-5DB2-4562-AE0A-7AF76EBF58B8}.Release|Any CPU.ActiveCfg = Release|Any CPU
		{71752B2E-5DB2-4562-AE0A-7AF76EBF58B8}.Release|Any CPU.Build.0 = Release|Any CPU
	EndGlobalSection
	GlobalSection(SolutionProperties) = preSolution
		HideSolutionNode = FALSE
	EndGlobalSection
	GlobalSection(ExtensibilityGlobals) = postSolution
		SolutionGuid = {2538CDD8-CA3E-4DE8-BA40-22BEB32291FD}
	EndGlobalSection
EndGlobal
